
Microsoft Visual Studio Solution File, Format Version 12.00
# Visual Studio Version 17
VisualStudioVersion = 17.3.32825.248
MinimumVisualStudioVersion = 10.0.40219.1
Project("{9A19103F-16F7-4668-BE54-9A1E7A4F7556}") = "Scotec.Extensions.Linq", "Scotec.Extensions.Linq\Scotec.Extensions.Linq.csproj", "{BADE9B46-56B5-4E4C-B819-BEE265C8D343}"
EndProject
Project("{9A19103F-16F7-4668-BE54-9A1E7A4F7556}") = "Scotec.Web.Robots", "Scotec.Web.Robots\Scotec.Web.Robots.csproj", "{222808B6-6FFB-4A54-AAA0-1616C0555676}"
EndProject
Project("{9A19103F-16F7-4668-BE54-9A1E7A4F7556}") = "Scotec.Math", "Scotec.Math\Scotec.Math.csproj", "{670C2BE0-50A0-4D55-8E1D-03EAAFC2892F}"
EndProject
Project("{9A19103F-16F7-4668-BE54-9A1E7A4F7556}") = "Scotec.Math.Units", "Scotec.Math.Units\Scotec.Math.Units.csproj", "{57BE86BE-6268-4A53-B3B6-6F1DA251DF0E}"
EndProject
Project("{9A19103F-16F7-4668-BE54-9A1E7A4F7556}") = "Scotec.Transactions", "Scotec.Transactions\Scotec.Transactions.csproj", "{BF794984-3208-4F2E-A02C-F4E692700DCD}"
EndProject
Project("{9A19103F-16F7-4668-BE54-9A1E7A4F7556}") = "Scotec.XmlDatabase", "Scotec.XmlDatabase\Scotec.XmlDatabase.csproj", "{7FFB0F81-936D-4FBD-9494-5C405D878CD4}"
EndProject
Project("{9A19103F-16F7-4668-BE54-9A1E7A4F7556}") = "Scotec.Events.WeakEvents", "Scotec.Events.WeakEvents\Scotec.Events.WeakEvents.csproj", "{4B861FBD-0694-4CB9-AD32-ABF46AAA464D}"
EndProject
Project("{9A19103F-16F7-4668-BE54-9A1E7A4F7556}") = "Scotec.Smtp.Service", "Scotec.Smtp.Service\Scotec.Smtp.Service.csproj", "{89A17167-34D6-48D5-95BE-4ED364EAFBFC}"
EndProject
Project("{9A19103F-16F7-4668-BE54-9A1E7A4F7556}") = "Scotec.Queues", "Scotec.Queues\Scotec.Queues.csproj", "{F703A5CC-B597-4D1C-B585-31D8232AD7E6}"
EndProject
Project("{9A19103F-16F7-4668-BE54-9A1E7A4F7556}") = "Scotec.RingBuffer", "Scotec.RingBuffer\Scotec.RingBuffer.csproj", "{DF9693FA-286F-49C6-A121-A1F58C5F06EC}"
EndProject
Project("{9A19103F-16F7-4668-BE54-9A1E7A4F7556}") = "Scotec.AmazonS3.Streaming", "Scotec.AmazonS3.Streaming\Scotec.AmazonS3.Streaming.csproj", "{B7DD9391-668C-4F15-8337-0AB45744CDC3}"
EndProject
Project("{9A19103F-16F7-4668-BE54-9A1E7A4F7556}") = "Scotec.Extensions.Logging", "Scotec.Extensions.Logging\Scotec.Extensions.Logging.csproj", "{1C183115-F251-40CA-924F-F3CDCA12DBA3}"
EndProject
Project("{9A19103F-16F7-4668-BE54-9A1E7A4F7556}") = "Scotec.Blazor.Markdown", "Scotec.Blazor.Markdown\Scotec.Blazor.Markdown.csproj", "{8F090036-E6A7-4B04-AB7C-806E7219BFCC}"
EndProject
Project("{2150E333-8FDC-42A3-9474-1A3956D46DE8}") = "Tests", "Tests", "{597644C4-1ADA-4579-823E-9845C29CED2A}"
EndProject
Project("{9A19103F-16F7-4668-BE54-9A1E7A4F7556}") = "Scotec.Blazor.Markdown.Tests", "Tests\Scotec.Blazor.Markdown.Tests\Scotec.Blazor.Markdown.Tests.csproj", "{CFD7A65F-AA03-4E70-BCD8-7783A082A888}"
EndProject
Project("{9A19103F-16F7-4668-BE54-9A1E7A4F7556}") = "Scotec.Blazor.UrlRequestCultureProvider", "Scotec.Blazor.UrlRequestCultureProvider\Scotec.Blazor.UrlRequestCultureProvider.csproj", "{6FDAEA79-D1CC-4F41-99EA-DE0984AFD65A}"
EndProject
Project("{9A19103F-16F7-4668-BE54-9A1E7A4F7556}") = "Scotec.Extensions.Autocad", "Scotec.Extensions.Autocad\Scotec.Extensions.Autocad.csproj", "{C5E335A4-DC2D-4689-B15A-10E32BE9CCEF}"
EndProject
Project("{9A19103F-16F7-4668-BE54-9A1E7A4F7556}") = "Scotec.Web.ImageServer", "Scotec.Web.ImageServer\Scotec.Web.ImageServer.csproj", "{E810798D-5A68-4163-9C38-01A9E80E55CA}"
EndProject
Global
	GlobalSection(SolutionConfigurationPlatforms) = preSolution
		Debug|Any CPU = Debug|Any CPU
		Release|Any CPU = Release|Any CPU
	EndGlobalSection
	GlobalSection(ProjectConfigurationPlatforms) = postSolution
		{BADE9B46-56B5-4E4C-B819-BEE265C8D343}.Debug|Any CPU.ActiveCfg = Debug|Any CPU
		{BADE9B46-56B5-4E4C-B819-BEE265C8D343}.Debug|Any CPU.Build.0 = Debug|Any CPU
		{BADE9B46-56B5-4E4C-B819-BEE265C8D343}.Release|Any CPU.ActiveCfg = Release|Any CPU
		{BADE9B46-56B5-4E4C-B819-BEE265C8D343}.Release|Any CPU.Build.0 = Release|Any CPU
		{222808B6-6FFB-4A54-AAA0-1616C0555676}.Debug|Any CPU.ActiveCfg = Debug|Any CPU
		{222808B6-6FFB-4A54-AAA0-1616C0555676}.Debug|Any CPU.Build.0 = Debug|Any CPU
		{222808B6-6FFB-4A54-AAA0-1616C0555676}.Release|Any CPU.ActiveCfg = Release|Any CPU
		{222808B6-6FFB-4A54-AAA0-1616C0555676}.Release|Any CPU.Build.0 = Release|Any CPU
		{670C2BE0-50A0-4D55-8E1D-03EAAFC2892F}.Debug|Any CPU.ActiveCfg = Debug|Any CPU
		{670C2BE0-50A0-4D55-8E1D-03EAAFC2892F}.Debug|Any CPU.Build.0 = Debug|Any CPU
		{670C2BE0-50A0-4D55-8E1D-03EAAFC2892F}.Release|Any CPU.ActiveCfg = Release|Any CPU
		{670C2BE0-50A0-4D55-8E1D-03EAAFC2892F}.Release|Any CPU.Build.0 = Release|Any CPU
		{57BE86BE-6268-4A53-B3B6-6F1DA251DF0E}.Debug|Any CPU.ActiveCfg = Debug|Any CPU
		{57BE86BE-6268-4A53-B3B6-6F1DA251DF0E}.Debug|Any CPU.Build.0 = Debug|Any CPU
		{57BE86BE-6268-4A53-B3B6-6F1DA251DF0E}.Release|Any CPU.ActiveCfg = Release|Any CPU
		{57BE86BE-6268-4A53-B3B6-6F1DA251DF0E}.Release|Any CPU.Build.0 = Release|Any CPU
		{BF794984-3208-4F2E-A02C-F4E692700DCD}.Debug|Any CPU.ActiveCfg = Debug|Any CPU
		{BF794984-3208-4F2E-A02C-F4E692700DCD}.Debug|Any CPU.Build.0 = Debug|Any CPU
		{BF794984-3208-4F2E-A02C-F4E692700DCD}.Release|Any CPU.ActiveCfg = Release|Any CPU
		{BF794984-3208-4F2E-A02C-F4E692700DCD}.Release|Any CPU.Build.0 = Release|Any CPU
		{7FFB0F81-936D-4FBD-9494-5C405D878CD4}.Debug|Any CPU.ActiveCfg = Debug|Any CPU
		{7FFB0F81-936D-4FBD-9494-5C405D878CD4}.Debug|Any CPU.Build.0 = Debug|Any CPU
		{7FFB0F81-936D-4FBD-9494-5C405D878CD4}.Release|Any CPU.ActiveCfg = Release|Any CPU
		{7FFB0F81-936D-4FBD-9494-5C405D878CD4}.Release|Any CPU.Build.0 = Release|Any CPU
		{4B861FBD-0694-4CB9-AD32-ABF46AAA464D}.Debug|Any CPU.ActiveCfg = Debug|Any CPU
		{4B861FBD-0694-4CB9-AD32-ABF46AAA464D}.Debug|Any CPU.Build.0 = Debug|Any CPU
		{4B861FBD-0694-4CB9-AD32-ABF46AAA464D}.Release|Any CPU.ActiveCfg = Release|Any CPU
		{4B861FBD-0694-4CB9-AD32-ABF46AAA464D}.Release|Any CPU.Build.0 = Release|Any CPU
		{89A17167-34D6-48D5-95BE-4ED364EAFBFC}.Debug|Any CPU.ActiveCfg = Debug|Any CPU
		{89A17167-34D6-48D5-95BE-4ED364EAFBFC}.Debug|Any CPU.Build.0 = Debug|Any CPU
		{89A17167-34D6-48D5-95BE-4ED364EAFBFC}.Release|Any CPU.ActiveCfg = Release|Any CPU
		{89A17167-34D6-48D5-95BE-4ED364EAFBFC}.Release|Any CPU.Build.0 = Release|Any CPU
		{F703A5CC-B597-4D1C-B585-31D8232AD7E6}.Debug|Any CPU.ActiveCfg = Debug|Any CPU
		{F703A5CC-B597-4D1C-B585-31D8232AD7E6}.Debug|Any CPU.Build.0 = Debug|Any CPU
		{F703A5CC-B597-4D1C-B585-31D8232AD7E6}.Release|Any CPU.ActiveCfg = Release|Any CPU
		{F703A5CC-B597-4D1C-B585-31D8232AD7E6}.Release|Any CPU.Build.0 = Release|Any CPU
		{DF9693FA-286F-49C6-A121-A1F58C5F06EC}.Debug|Any CPU.ActiveCfg = Debug|Any CPU
		{DF9693FA-286F-49C6-A121-A1F58C5F06EC}.Debug|Any CPU.Build.0 = Debug|Any CPU
		{DF9693FA-286F-49C6-A121-A1F58C5F06EC}.Release|Any CPU.ActiveCfg = Release|Any CPU
		{DF9693FA-286F-49C6-A121-A1F58C5F06EC}.Release|Any CPU.Build.0 = Release|Any CPU
		{B7DD9391-668C-4F15-8337-0AB45744CDC3}.Debug|Any CPU.ActiveCfg = Debug|Any CPU
		{B7DD9391-668C-4F15-8337-0AB45744CDC3}.Debug|Any CPU.Build.0 = Debug|Any CPU
		{B7DD9391-668C-4F15-8337-0AB45744CDC3}.Release|Any CPU.ActiveCfg = Release|Any CPU
		{B7DD9391-668C-4F15-8337-0AB45744CDC3}.Release|Any CPU.Build.0 = Release|Any CPU
		{1C183115-F251-40CA-924F-F3CDCA12DBA3}.Debug|Any CPU.ActiveCfg = Debug|Any CPU
		{1C183115-F251-40CA-924F-F3CDCA12DBA3}.Debug|Any CPU.Build.0 = Debug|Any CPU
		{1C183115-F251-40CA-924F-F3CDCA12DBA3}.Release|Any CPU.ActiveCfg = Release|Any CPU
		{1C183115-F251-40CA-924F-F3CDCA12DBA3}.Release|Any CPU.Build.0 = Release|Any CPU
		{8F090036-E6A7-4B04-AB7C-806E7219BFCC}.Debug|Any CPU.ActiveCfg = Debug|Any CPU
		{8F090036-E6A7-4B04-AB7C-806E7219BFCC}.Debug|Any CPU.Build.0 = Debug|Any CPU
		{8F090036-E6A7-4B04-AB7C-806E7219BFCC}.Release|Any CPU.ActiveCfg = Release|Any CPU
		{8F090036-E6A7-4B04-AB7C-806E7219BFCC}.Release|Any CPU.Build.0 = Release|Any CPU
		{CFD7A65F-AA03-4E70-BCD8-7783A082A888}.Debug|Any CPU.ActiveCfg = Debug|Any CPU
		{CFD7A65F-AA03-4E70-BCD8-7783A082A888}.Debug|Any CPU.Build.0 = Debug|Any CPU
		{CFD7A65F-AA03-4E70-BCD8-7783A082A888}.Release|Any CPU.ActiveCfg = Release|Any CPU
		{CFD7A65F-AA03-4E70-BCD8-7783A082A888}.Release|Any CPU.Build.0 = Release|Any CPU
		{6FDAEA79-D1CC-4F41-99EA-DE0984AFD65A}.Debug|Any CPU.ActiveCfg = Debug|Any CPU
		{6FDAEA79-D1CC-4F41-99EA-DE0984AFD65A}.Debug|Any CPU.Build.0 = Debug|Any CPU
		{6FDAEA79-D1CC-4F41-99EA-DE0984AFD65A}.Release|Any CPU.ActiveCfg = Release|Any CPU
		{6FDAEA79-D1CC-4F41-99EA-DE0984AFD65A}.Release|Any CPU.Build.0 = Release|Any CPU
		{C5E335A4-DC2D-4689-B15A-10E32BE9CCEF}.Debug|Any CPU.ActiveCfg = Debug|Any CPU
		{C5E335A4-DC2D-4689-B15A-10E32BE9CCEF}.Debug|Any CPU.Build.0 = Debug|Any CPU
		{C5E335A4-DC2D-4689-B15A-10E32BE9CCEF}.Release|Any CPU.ActiveCfg = Release|Any CPU
		{C5E335A4-DC2D-4689-B15A-10E32BE9CCEF}.Release|Any CPU.Build.0 = Release|Any CPU
		{E810798D-5A68-4163-9C38-01A9E80E55CA}.Debug|Any CPU.ActiveCfg = Debug|Any CPU
		{E810798D-5A68-4163-9C38-01A9E80E55CA}.Debug|Any CPU.Build.0 = Debug|Any CPU
		{E810798D-5A68-4163-9C38-01A9E80E55CA}.Release|Any CPU.ActiveCfg = Release|Any CPU
		{E810798D-5A68-4163-9C38-01A9E80E55CA}.Release|Any CPU.Build.0 = Release|Any CPU
	EndGlobalSection
	GlobalSection(SolutionProperties) = preSolution
		HideSolutionNode = FALSE
	EndGlobalSection
	GlobalSection(NestedProjects) = preSolution
		{CFD7A65F-AA03-4E70-BCD8-7783A082A888} = {597644C4-1ADA-4579-823E-9845C29CED2A}
	EndGlobalSection
	GlobalSection(ExtensibilityGlobals) = postSolution
		SolutionGuid = {D3C1343F-10FC-4C83-BABA-F3BB98B5C3DF}
	EndGlobalSection
EndGlobal
