
Microsoft Visual Studio Solution File, Format Version 12.00
# Visual Studio Version 17
VisualStudioVersion = 17.3.32825.248
MinimumVisualStudioVersion = 10.0.40219.1
Project("{9A19103F-16F7-4668-BE54-9A1E7A4F7556}") = "Scotec.Extensions.Linq", "Scotec.Extensions.Linq\Scotec.Extensions.Linq.csproj", "{BADE9B46-56B5-4E4C-B819-BEE265C8D343}"
EndProject
Project("{9A19103F-16F7-4668-BE54-9A1E7A4F7556}") = "Scotec.Web.Robots", "Scotec.Web.Robots\Scotec.Web.Robots.csproj", "{222808B6-6FFB-4A54-AAA0-1616C0555676}"
EndProject
Project("{9A19103F-16F7-4668-BE54-9A1E7A4F7556}") = "Scotec.Math", "Scotec.Math\Scotec.Math.csproj", "{670C2BE0-50A0-4D55-8E1D-03EAAFC2892F}"
EndProject
Project("{9A19103F-16F7-4668-BE54-9A1E7A4F7556}") = "Scotec.Math.Units", "Scotec.Math.Units\Scotec.Math.Units.csproj", "{57BE86BE-6268-4A53-B3B6-6F1DA251DF0E}"
EndProject
Project("{9A19103F-16F7-4668-BE54-9A1E7A4F7556}") = "Scotec.Transactions", "Scotec.Transactions\Scotec.Transactions.csproj", "{BF794984-3208-4F2E-A02C-F4E692700DCD}"
EndProject
Project("{9A19103F-16F7-4668-BE54-9A1E7A4F7556}") = "Scotec.XmlDatabase", "Scotec.XmlDatabase\Scotec.XmlDatabase.csproj", "{7FFB0F81-936D-4FBD-9494-5C405D878CD4}"
EndProject
Project("{9A19103F-16F7-4668-BE54-9A1E7A4F7556}") = "Scotec.Events.WeakEvents", "Scotec.Events.WeakEvents\Scotec.Events.WeakEvents.csproj", "{4B861FBD-0694-4CB9-AD32-ABF46AAA464D}"
EndProject
Project("{9A19103F-16F7-4668-BE54-9A1E7A4F7556}") = "Scotec.Smtp.Service", "Scotec.Smtp.Service\Scotec.Smtp.Service.csproj", "{89A17167-34D6-48D5-95BE-4ED364EAFBFC}"
EndProject
Project("{9A19103F-16F7-4668-BE54-9A1E7A4F7556}") = "Scotec.Queues", "Scotec.Queues\Scotec.Queues.csproj", "{F703A5CC-B597-4D1C-B585-31D8232AD7E6}"
EndProject
Project("{9A19103F-16F7-4668-BE54-9A1E7A4F7556}") = "Scotec.RingBuffer", "Scotec.RingBuffer\Scotec.RingBuffer.csproj", "{DF9693FA-286F-49C6-A121-A1F58C5F06EC}"
EndProject
Project("{FAE04EC0-301F-11D3-BF4B-00C04F79EFBC}") = "Scotec.AmazonS3.Streaming", "Scotec.AmazonS3.Streaming\Scotec.AmazonS3.Streaming.csproj", "{B7DD9391-668C-4F15-8337-0AB45744CDC3}"
EndProject
Global
	GlobalSection(SolutionConfigurationPlatforms) = preSolution
		Debug|Any CPU = Debug|Any CPU
		Release|Any CPU = Release|Any CPU
	EndGlobalSection
	GlobalSection(ProjectConfigurationPlatforms) = postSolution
		{BADE9B46-56B5-4E4C-B819-BEE265C8D343}.Debug|Any CPU.ActiveCfg = Debug|Any CPU
		{BADE9B46-56B5-4E4C-B819-BEE265C8D343}.Debug|Any CPU.Build.0 = Debug|Any CPU
		{BADE9B46-56B5-4E4C-B819-BEE265C8D343}.Release|Any CPU.ActiveCfg = Release|Any CPU
		{BADE9B46-56B5-4E4C-B819-BEE265C8D343}.Release|Any CPU.Build.0 = Release|Any CPU
		{222808B6-6FFB-4A54-AAA0-1616C0555676}.Debug|Any CPU.ActiveCfg = Debug|Any CPU
		{222808B6-6FFB-4A54-AAA0-1616C0555676}.Debug|Any CPU.Build.0 = Debug|Any CPU
		{222808B6-6FFB-4A54-AAA0-1616C0555676}.Release|Any CPU.ActiveCfg = Release|Any CPU
		{222808B6-6FFB-4A54-AAA0-1616C0555676}.Release|Any CPU.Build.0 = Release|Any CPU
		{670C2BE0-50A0-4D55-8E1D-03EAAFC2892F}.Debug|Any CPU.ActiveCfg = Debug|Any CPU
		{670C2BE0-50A0-4D55-8E1D-03EAAFC2892F}.Debug|Any CPU.Build.0 = Debug|Any CPU
		{670C2BE0-50A0-4D55-8E1D-03EAAFC2892F}.Release|Any CPU.ActiveCfg = Release|Any CPU
		{670C2BE0-50A0-4D55-8E1D-03EAAFC2892F}.Release|Any CPU.Build.0 = Release|Any CPU
		{57BE86BE-6268-4A53-B3B6-6F1DA251DF0E}.Debug|Any CPU.ActiveCfg = Debug|Any CPU
		{57BE86BE-6268-4A53-B3B6-6F1DA251DF0E}.Debug|Any CPU.Build.0 = Debug|Any CPU
		{57BE86BE-6268-4A53-B3B6-6F1DA251DF0E}.Release|Any CPU.ActiveCfg = Release|Any CPU
		{57BE86BE-6268-4A53-B3B6-6F1DA251DF0E}.Release|Any CPU.Build.0 = Release|Any CPU
		{BF794984-3208-4F2E-A02C-F4E692700DCD}.Debug|Any CPU.ActiveCfg = Debug|Any CPU
		{BF794984-3208-4F2E-A02C-F4E692700DCD}.Debug|Any CPU.Build.0 = Debug|Any CPU
		{BF794984-3208-4F2E-A02C-F4E692700DCD}.Release|Any CPU.ActiveCfg = Release|Any CPU
		{BF794984-3208-4F2E-A02C-F4E692700DCD}.Release|Any CPU.Build.0 = Release|Any CPU
		{7FFB0F81-936D-4FBD-9494-5C405D878CD4}.Debug|Any CPU.ActiveCfg = Debug|Any CPU
		{7FFB0F81-936D-4FBD-9494-5C405D878CD4}.Debug|Any CPU.Build.0 = Debug|Any CPU
		{7FFB0F81-936D-4FBD-9494-5C405D878CD4}.Release|Any CPU.ActiveCfg = Release|Any CPU
		{7FFB0F81-936D-4FBD-9494-5C405D878CD4}.Release|Any CPU.Build.0 = Release|Any CPU
		{4B861FBD-0694-4CB9-AD32-ABF46AAA464D}.Debug|Any CPU.ActiveCfg = Debug|Any CPU
		{4B861FBD-0694-4CB9-AD32-ABF46AAA464D}.Debug|Any CPU.Build.0 = Debug|Any CPU
		{4B861FBD-0694-4CB9-AD32-ABF46AAA464D}.Release|Any CPU.ActiveCfg = Release|Any CPU
		{4B861FBD-0694-4CB9-AD32-ABF46AAA464D}.Release|Any CPU.Build.0 = Release|Any CPU
		{89A17167-34D6-48D5-95BE-4ED364EAFBFC}.Debug|Any CPU.ActiveCfg = Debug|Any CPU
		{89A17167-34D6-48D5-95BE-4ED364EAFBFC}.Debug|Any CPU.Build.0 = Debug|Any CPU
		{89A17167-34D6-48D5-95BE-4ED364EAFBFC}.Release|Any CPU.ActiveCfg = Release|Any CPU
		{89A17167-34D6-48D5-95BE-4ED364EAFBFC}.Release|Any CPU.Build.0 = Release|Any CPU
		{F703A5CC-B597-4D1C-B585-31D8232AD7E6}.Debug|Any CPU.ActiveCfg = Debug|Any CPU
		{F703A5CC-B597-4D1C-B585-31D8232AD7E6}.Debug|Any CPU.Build.0 = Debug|Any CPU
		{F703A5CC-B597-4D1C-B585-31D8232AD7E6}.Release|Any CPU.ActiveCfg = Release|Any CPU
		{F703A5CC-B597-4D1C-B585-31D8232AD7E6}.Release|Any CPU.Build.0 = Release|Any CPU
		{DF9693FA-286F-49C6-A121-A1F58C5F06EC}.Debug|Any CPU.ActiveCfg = Debug|Any CPU
		{DF9693FA-286F-49C6-A121-A1F58C5F06EC}.Debug|Any CPU.Build.0 = Debug|Any CPU
		{DF9693FA-286F-49C6-A121-A1F58C5F06EC}.Release|Any CPU.ActiveCfg = Release|Any CPU
		{DF9693FA-286F-49C6-A121-A1F58C5F06EC}.Release|Any CPU.Build.0 = Release|Any CPU
		{B7DD9391-668C-4F15-8337-0AB45744CDC3}.Debug|Any CPU.ActiveCfg = Debug|Any CPU
		{B7DD9391-668C-4F15-8337-0AB45744CDC3}.Debug|Any CPU.Build.0 = Debug|Any CPU
		{B7DD9391-668C-4F15-8337-0AB45744CDC3}.Release|Any CPU.ActiveCfg = Release|Any CPU
		{B7DD9391-668C-4F15-8337-0AB45744CDC3}.Release|Any CPU.Build.0 = Release|Any CPU
	EndGlobalSection
	GlobalSection(SolutionProperties) = preSolution
		HideSolutionNode = FALSE
	EndGlobalSection
	GlobalSection(ExtensibilityGlobals) = postSolution
		SolutionGuid = {D3C1343F-10FC-4C83-BABA-F3BB98B5C3DF}
	EndGlobalSection
EndGlobal
